
Microsoft Visual Studio Solution File, Format Version 12.00
# Visual Studio Version 17
VisualStudioVersion = 17.2.32616.157
MinimumVisualStudioVersion = 10.0.40219.1
Project("{FAE04EC0-301F-11D3-BF4B-00C04F79EFBC}") = "Lms.Api", "Lms.Api\Lms.Api.csproj", "{A53CB6F9-DB1C-496F-9244-FF341E783688}"
EndProject
Project("{FAE04EC0-301F-11D3-BF4B-00C04F79EFBC}") = "Lms.Core", "Lms.Core\Lms.Core.csproj", "{542BDC6E-C08F-452C-8DC7-B61443B483FA}"
EndProject
Project("{FAE04EC0-301F-11D3-BF4B-00C04F79EFBC}") = "Lms.Data", "Lms.Data\Lms.Data.csproj", "{6DDE54ED-DF69-4264-8727-8149366B287E}"
EndProject
Global
	GlobalSection(SolutionConfigurationPlatforms) = preSolution
		Debug|Any CPU = Debug|Any CPU
		Release|Any CPU = Release|Any CPU
	EndGlobalSection
	GlobalSection(ProjectConfigurationPlatforms) = postSolution
		{A53CB6F9-DB1C-496F-9244-FF341E783688}.Debug|Any CPU.ActiveCfg = Debug|Any CPU
		{A53CB6F9-DB1C-496F-9244-FF341E783688}.Debug|Any CPU.Build.0 = Debug|Any CPU
		{A53CB6F9-DB1C-496F-9244-FF341E783688}.Release|Any CPU.ActiveCfg = Release|Any CPU
		{A53CB6F9-DB1C-496F-9244-FF341E783688}.Release|Any CPU.Build.0 = Release|Any CPU
		{542BDC6E-C08F-452C-8DC7-B61443B483FA}.Debug|Any CPU.ActiveCfg = Debug|Any CPU
		{542BDC6E-C08F-452C-8DC7-B61443B483FA}.Debug|Any CPU.Build.0 = Debug|Any CPU
		{542BDC6E-C08F-452C-8DC7-B61443B483FA}.Release|Any CPU.ActiveCfg = Release|Any CPU
		{542BDC6E-C08F-452C-8DC7-B61443B483FA}.Release|Any CPU.Build.0 = Release|Any CPU
		{6DDE54ED-DF69-4264-8727-8149366B287E}.Debug|Any CPU.ActiveCfg = Debug|Any CPU
		{6DDE54ED-DF69-4264-8727-8149366B287E}.Debug|Any CPU.Build.0 = Debug|Any CPU
		{6DDE54ED-DF69-4264-8727-8149366B287E}.Release|Any CPU.ActiveCfg = Release|Any CPU
		{6DDE54ED-DF69-4264-8727-8149366B287E}.Release|Any CPU.Build.0 = Release|Any CPU
	EndGlobalSection
	GlobalSection(SolutionProperties) = preSolution
		HideSolutionNode = FALSE
	EndGlobalSection
	GlobalSection(ExtensibilityGlobals) = postSolution
		SolutionGuid = {D57C5FEB-FD28-4AB3-B3E9-90DEAC87424C}
	EndGlobalSection
EndGlobal
